
Microsoft Visual Studio Solution File, Format Version 12.00
# Visual Studio 15
VisualStudioVersion = 15.0.27703.2035
MinimumVisualStudioVersion = 10.0.40219.1
Project("{FAE04EC0-301F-11D3-BF4B-00C04F79EFBC}") = "Task_RefrigeratorStore", "Task_RefrigeratorStore\Task_RefrigeratorStore.csproj", "{E25166B4-672E-4CF5-925A-F59CAD66BD91}"
EndProject
Global
	GlobalSection(SolutionConfigurationPlatforms) = preSolution
		Debug|Any CPU = Debug|Any CPU
		Release|Any CPU = Release|Any CPU
	EndGlobalSection
	GlobalSection(ProjectConfigurationPlatforms) = postSolution
		{E25166B4-672E-4CF5-925A-F59CAD66BD91}.Debug|Any CPU.ActiveCfg = Debug|Any CPU
		{E25166B4-672E-4CF5-925A-F59CAD66BD91}.Debug|Any CPU.Build.0 = Debug|Any CPU
		{E25166B4-672E-4CF5-925A-F59CAD66BD91}.Release|Any CPU.ActiveCfg = Release|Any CPU
		{E25166B4-672E-4CF5-925A-F59CAD66BD91}.Release|Any CPU.Build.0 = Release|Any CPU
	EndGlobalSection
	GlobalSection(SolutionProperties) = preSolution
		HideSolutionNode = FALSE
	EndGlobalSection
	GlobalSection(ExtensibilityGlobals) = postSolution
		SolutionGuid = {43ED864A-69B2-411F-B589-5396BEC44F9B}
	EndGlobalSection
EndGlobal
